<?xml version="1.0" encoding="UTF-8" standalone="yes" ?>
<CodeBlocks_project_file>
	<FileVersion major="1" minor="6" />
	<Project>
		<Option title="MiFutbolC" />
		<Option pch_mode="2" />
		<Option compiler="gcc" />
		<Build>
			<Target title="Debug">
				<Option output="bin/Debug/MiFutbolC" prefix_auto="1" extension_auto="1" />
				<Option object_output="obj/Debug/" />
				<Option type="1" />
				<Option compiler="gcc" />
				<Compiler>
					<Add option="-g" />
				</Compiler>
			</Target>
			<Target title="Release">
				<Option output="bin/Release/MiFutbolC" prefix_auto="1" extension_auto="1" />
				<Option object_output="obj/Release/" />
				<Option type="1" />
				<Option compiler="gcc" />
				<Compiler>
					<Add option="-O2" />
				</Compiler>
				<Linker>
					<Add option="-s" />
				</Linker>
			</Target>
		</Build>
		<Compiler>
			<Add option="-Wall" />
		</Compiler>
		<Unit filename="analisis.c">
			<Option compilerVar="CC" />
		</Unit>
		<Unit filename="analisis.h" />
		<Unit filename="cJSON.h" />
		<Unit filename="cJSON_Utils.c">
			<Option compilerVar="CC" />
		</Unit>
		<Unit filename="cJSON_Utils.h" />
		<Unit filename="camiseta.c">
			<Option compilerVar="CC" />
		</Unit>
		<Unit filename="camiseta.h" />
		<Unit filename="cancha.c">
			<Option compilerVar="CC" />
		</Unit>
		<Unit filename="cancha.h" />
		<Unit filename="db.c">
			<Option compilerVar="CC" />
		</Unit>
		<Unit filename="db.h" />
		<Unit filename="estadisticas.c">
			<Option compilerVar="CC" />
		</Unit>
		<Unit filename="estadisticas.h" />
		<Unit filename="estadisticas_anio.c">
			<Option compilerVar="CC" />
		</Unit>
		<Unit filename="estadisticas_anio.h" />
		<Unit filename="estadisticas_generales.c">
			<Option compilerVar="CC" />
		</Unit>
		<Unit filename="estadisticas_generales.h" />
		<Unit filename="estadisticas_lesiones.c">
			<Option compilerVar="CC" />
		</Unit>
		<Unit filename="estadisticas_lesiones.h" />
		<Unit filename="estadisticas_mes.c">
			<Option compilerVar="CC" />
		</Unit>
		<Unit filename="estadisticas_mes.h" />
		<Unit filename="estadisticas_meta.c">
			<Option compilerVar="CC" />
		</Unit>
		<Unit filename="estadisticas_meta.h" />
		<Unit filename="export.c">
			<Option compilerVar="CC" />
		</Unit>
		<Unit filename="export.h" />
		<Unit filename="export_all.c">
			<Option compilerVar="CC" />
		</Unit>
		<Unit filename="export_all.h" />
		<Unit filename="export_all_mejorado.c">
			<Option compilerVar="CC" />
		</Unit>
		<Unit filename="export_all_mejorado.h" />
		<Unit filename="export_camisetas.c">
			<Option compilerVar="CC" />
		</Unit>
		<Unit filename="export_camisetas.h" />
		<Unit filename="export_camisetas_mejorado.c">
			<Option compilerVar="CC" />
		</Unit>
		<Unit filename="export_camisetas_mejorado.h" />
		<Unit filename="export_estadisticas.c">
			<Option compilerVar="CC" />
		</Unit>
		<Unit filename="export_estadisticas.h" />
		<Unit filename="export_estadisticas_generales.c">
			<Option compilerVar="CC" />
		</Unit>
		<Unit filename="export_estadisticas_generales.h" />
		<Unit filename="export_lesiones.c">
			<Option compilerVar="CC" />
		</Unit>
		<Unit filename="export_lesiones.h" />
		<Unit filename="export_lesiones_mejorado.c">
			<Option compilerVar="CC" />
		</Unit>
		<Unit filename="export_lesiones_mejorado.h" />
		<Unit filename="export_partidos.c">
			<Option compilerVar="CC" />
		</Unit>
		<Unit filename="export_partidos.h" />
		<Unit filename="export_records_rankings.c">
			<Option compilerVar="CC" />
		</Unit>
		<Unit filename="export_records_rankings.h" />
		<Unit filename="import.c">
			<Option compilerVar="CC" />
		</Unit>
		<Unit filename="import.h" />
		<Unit filename="lesion.c">
			<Option compilerVar="CC" />
		</Unit>
		<Unit filename="lesion.h" />
		<Unit filename="logros.c">
			<Option compilerVar="CC" />
		</Unit>
		<Unit filename="logros.h" />
		<Unit filename="main.c">
			<Option compilerVar="CC" />
		</Unit>
		<Unit filename="menu.c">
			<Option compilerVar="CC" />
		</Unit>
		<Unit filename="menu.h" />
		<Unit filename="models.h" />
		<Unit filename="partido.c">
			<Option compilerVar="CC" />
		</Unit>
		<Unit filename="partido.h" />
		<Unit filename="records_rankings.c">
			<Option compilerVar="CC" />
		</Unit>
		<Unit filename="records_rankings.h" />
		<Unit filename="recurso.rc">
			<Option compilerVar="WINDRES" />
		</Unit>
		<Unit filename="sqlite3.c">
			<Option compilerVar="CC" />
		</Unit>
		<Unit filename="sqlite3.h" />
		<Unit filename="utils.c">
			<Option compilerVar="CC" />
		</Unit>
		<Unit filename="utils.h" />
		<Extensions>
			<DoxyBlocks>
				<comment_style block="0" line="0" />
				<doxyfile_project output_language="Spanish" />
				<doxyfile_build extract_all="1" extract_private="1" extract_static="1" />
				<doxyfile_warnings warn_if_undocumented="1" />
				<doxyfile_output man="1" />
				<doxyfile_dot />
				<general />
			</DoxyBlocks>
		</Extensions>
	</Project>
</CodeBlocks_project_file>
